
Microsoft Visual Studio Solution File, Format Version 12.00
# Visual Studio Version 17
VisualStudioVersion = 17.0.31903.59
MinimumVisualStudioVersion = 10.0.40219.1
Project("{2150E333-8FDC-42A3-9474-1A3956D46DE8}") = "src", "src", "{A2F398E4-8149-42D2-9557-A6AAF845BFC6}"
EndProject
Project("{FAE04EC0-301F-11D3-BF4B-00C04F79EFBC}") = "Domain", "src\Domain\Domain.csproj", "{455EDED6-23FF-4A60-878E-E16690AE49BF}"
EndProject
Project("{2150E333-8FDC-42A3-9474-1A3956D46DE8}") = "test", "test", "{FC90B6B6-014B-49A2-83D7-683E62BC5581}"
EndProject
Project("{FAE04EC0-301F-11D3-BF4B-00C04F79EFBC}") = "Domain.Tests", "test\Domain.Tests\Domain.Tests.csproj", "{E2F18F54-4BED-45DD-9AA9-0B2B0ABF2EE9}"
EndProject
Project("{FAE04EC0-301F-11D3-BF4B-00C04F79EFBC}") = "Infrastructure", "src\Infrastructure\Infrastructure.csproj", "{A6B5D6FD-80D4-42DD-BE20-DF9FA1C10D7F}"
EndProject
Project("{FAE04EC0-301F-11D3-BF4B-00C04F79EFBC}") = "Infrastructure.Tests", "test\Infrastructure.Tests\Infrastructure.Tests.csproj", "{B985403A-5CDB-443A-87B2-0B6B5377278F}"
EndProject
Project("{FAE04EC0-301F-11D3-BF4B-00C04F79EFBC}") = "Application", "src\Application\Application.csproj", "{B8B3DAC9-0DDC-4591-94EA-01C9DAC1AA9A}"
EndProject
Project("{FAE04EC0-301F-11D3-BF4B-00C04F79EFBC}") = "WebUI", "src\WebUI\WebUI.csproj", "{9308E354-D010-481D-BAC8-6284DC70ADB3}"
EndProject
Project("{FAE04EC0-301F-11D3-BF4B-00C04F79EFBC}") = "WebUI.Integration.Tests", "test\WebUI.Integration.Tests\WebUI.Integration.Tests.csproj", "{B4F43E7E-70F8-4EDD-A6B4-D2A8366909C8}"
EndProject
Project("{FAE04EC0-301F-11D3-BF4B-00C04F79EFBC}") = "Application.Tests", "test\Application.Tests\Application.Tests.csproj", "{168E8D63-55FD-49B5-8045-4FB08483AC8A}"
EndProject
Global
	GlobalSection(SolutionConfigurationPlatforms) = preSolution
		Debug|Any CPU = Debug|Any CPU
		Release|Any CPU = Release|Any CPU
	EndGlobalSection
	GlobalSection(SolutionProperties) = preSolution
		HideSolutionNode = FALSE
	EndGlobalSection
	GlobalSection(ProjectConfigurationPlatforms) = postSolution
		{455EDED6-23FF-4A60-878E-E16690AE49BF}.Debug|Any CPU.ActiveCfg = Debug|Any CPU
		{455EDED6-23FF-4A60-878E-E16690AE49BF}.Debug|Any CPU.Build.0 = Debug|Any CPU
		{455EDED6-23FF-4A60-878E-E16690AE49BF}.Release|Any CPU.ActiveCfg = Release|Any CPU
		{455EDED6-23FF-4A60-878E-E16690AE49BF}.Release|Any CPU.Build.0 = Release|Any CPU
		{E2F18F54-4BED-45DD-9AA9-0B2B0ABF2EE9}.Debug|Any CPU.ActiveCfg = Debug|Any CPU
		{E2F18F54-4BED-45DD-9AA9-0B2B0ABF2EE9}.Debug|Any CPU.Build.0 = Debug|Any CPU
		{E2F18F54-4BED-45DD-9AA9-0B2B0ABF2EE9}.Release|Any CPU.ActiveCfg = Release|Any CPU
		{E2F18F54-4BED-45DD-9AA9-0B2B0ABF2EE9}.Release|Any CPU.Build.0 = Release|Any CPU
		{A6B5D6FD-80D4-42DD-BE20-DF9FA1C10D7F}.Debug|Any CPU.ActiveCfg = Debug|Any CPU
		{A6B5D6FD-80D4-42DD-BE20-DF9FA1C10D7F}.Debug|Any CPU.Build.0 = Debug|Any CPU
		{A6B5D6FD-80D4-42DD-BE20-DF9FA1C10D7F}.Release|Any CPU.ActiveCfg = Release|Any CPU
		{A6B5D6FD-80D4-42DD-BE20-DF9FA1C10D7F}.Release|Any CPU.Build.0 = Release|Any CPU
		{B985403A-5CDB-443A-87B2-0B6B5377278F}.Debug|Any CPU.ActiveCfg = Debug|Any CPU
		{B985403A-5CDB-443A-87B2-0B6B5377278F}.Debug|Any CPU.Build.0 = Debug|Any CPU
		{B985403A-5CDB-443A-87B2-0B6B5377278F}.Release|Any CPU.ActiveCfg = Release|Any CPU
		{B985403A-5CDB-443A-87B2-0B6B5377278F}.Release|Any CPU.Build.0 = Release|Any CPU
		{B8B3DAC9-0DDC-4591-94EA-01C9DAC1AA9A}.Debug|Any CPU.ActiveCfg = Debug|Any CPU
		{B8B3DAC9-0DDC-4591-94EA-01C9DAC1AA9A}.Debug|Any CPU.Build.0 = Debug|Any CPU
		{B8B3DAC9-0DDC-4591-94EA-01C9DAC1AA9A}.Release|Any CPU.ActiveCfg = Release|Any CPU
		{B8B3DAC9-0DDC-4591-94EA-01C9DAC1AA9A}.Release|Any CPU.Build.0 = Release|Any CPU
		{9308E354-D010-481D-BAC8-6284DC70ADB3}.Debug|Any CPU.ActiveCfg = Debug|Any CPU
		{9308E354-D010-481D-BAC8-6284DC70ADB3}.Debug|Any CPU.Build.0 = Debug|Any CPU
		{9308E354-D010-481D-BAC8-6284DC70ADB3}.Release|Any CPU.ActiveCfg = Release|Any CPU
		{9308E354-D010-481D-BAC8-6284DC70ADB3}.Release|Any CPU.Build.0 = Release|Any CPU
		{B4F43E7E-70F8-4EDD-A6B4-D2A8366909C8}.Debug|Any CPU.ActiveCfg = Debug|Any CPU
		{B4F43E7E-70F8-4EDD-A6B4-D2A8366909C8}.Debug|Any CPU.Build.0 = Debug|Any CPU
		{B4F43E7E-70F8-4EDD-A6B4-D2A8366909C8}.Release|Any CPU.ActiveCfg = Release|Any CPU
		{B4F43E7E-70F8-4EDD-A6B4-D2A8366909C8}.Release|Any CPU.Build.0 = Release|Any CPU
		{168E8D63-55FD-49B5-8045-4FB08483AC8A}.Debug|Any CPU.ActiveCfg = Debug|Any CPU
		{168E8D63-55FD-49B5-8045-4FB08483AC8A}.Debug|Any CPU.Build.0 = Debug|Any CPU
		{168E8D63-55FD-49B5-8045-4FB08483AC8A}.Release|Any CPU.ActiveCfg = Release|Any CPU
		{168E8D63-55FD-49B5-8045-4FB08483AC8A}.Release|Any CPU.Build.0 = Release|Any CPU
	EndGlobalSection
	GlobalSection(NestedProjects) = preSolution
		{455EDED6-23FF-4A60-878E-E16690AE49BF} = {A2F398E4-8149-42D2-9557-A6AAF845BFC6}
		{E2F18F54-4BED-45DD-9AA9-0B2B0ABF2EE9} = {FC90B6B6-014B-49A2-83D7-683E62BC5581}
		{A6B5D6FD-80D4-42DD-BE20-DF9FA1C10D7F} = {A2F398E4-8149-42D2-9557-A6AAF845BFC6}
		{B985403A-5CDB-443A-87B2-0B6B5377278F} = {FC90B6B6-014B-49A2-83D7-683E62BC5581}
		{B8B3DAC9-0DDC-4591-94EA-01C9DAC1AA9A} = {A2F398E4-8149-42D2-9557-A6AAF845BFC6}
		{9308E354-D010-481D-BAC8-6284DC70ADB3} = {A2F398E4-8149-42D2-9557-A6AAF845BFC6}
		{B4F43E7E-70F8-4EDD-A6B4-D2A8366909C8} = {FC90B6B6-014B-49A2-83D7-683E62BC5581}
		{168E8D63-55FD-49B5-8045-4FB08483AC8A} = {FC90B6B6-014B-49A2-83D7-683E62BC5581}
	EndGlobalSection
EndGlobal
